
Microsoft Visual Studio Solution File, Format Version 12.00
# Visual Studio Version 17
VisualStudioVersion = 17.14.36212.18 d17.14
MinimumVisualStudioVersion = 10.0.40219.1
Project("{FAE04EC0-301F-11D3-BF4B-00C04F79EFBC}") = "Simple.Oeis", "Simple.Oeis\Simple.Oeis.csproj", "{90D1967B-FB21-4864-83CC-2C4841AAE207}"
EndProject
Project("{FAE04EC0-301F-11D3-BF4B-00C04F79EFBC}") = "Simple.Oeis.Test", "Simple.Oeis.Test\Simple.Oeis.Test.csproj", "{47207E58-436F-4958-BC19-8FA2C45C578F}"
EndProject
Global
	GlobalSection(SolutionConfigurationPlatforms) = preSolution
		Debug|Any CPU = Debug|Any CPU
		Release|Any CPU = Release|Any CPU
	EndGlobalSection
	GlobalSection(ProjectConfigurationPlatforms) = postSolution
		{90D1967B-FB21-4864-83CC-2C4841AAE207}.Debug|Any CPU.ActiveCfg = Debug|Any CPU
		{90D1967B-FB21-4864-83CC-2C4841AAE207}.Debug|Any CPU.Build.0 = Debug|Any CPU
		{90D1967B-FB21-4864-83CC-2C4841AAE207}.Release|Any CPU.ActiveCfg = Release|Any CPU
		{90D1967B-FB21-4864-83CC-2C4841AAE207}.Release|Any CPU.Build.0 = Release|Any CPU
		{47207E58-436F-4958-BC19-8FA2C45C578F}.Debug|Any CPU.ActiveCfg = Debug|Any CPU
		{47207E58-436F-4958-BC19-8FA2C45C578F}.Debug|Any CPU.Build.0 = Debug|Any CPU
		{47207E58-436F-4958-BC19-8FA2C45C578F}.Release|Any CPU.ActiveCfg = Release|Any CPU
		{47207E58-436F-4958-BC19-8FA2C45C578F}.Release|Any CPU.Build.0 = Release|Any CPU
	EndGlobalSection
	GlobalSection(SolutionProperties) = preSolution
		HideSolutionNode = FALSE
	EndGlobalSection
	GlobalSection(ExtensibilityGlobals) = postSolution
		SolutionGuid = {44EF1FEA-ED71-4E20-AA56-F73D9B5702DD}
	EndGlobalSection
EndGlobal
